dependencies:
  idf:
    component_hash: null
    source:
      type: idf
    version: 5.1.0
  jpegdec:
    component_hash: 27cc43103944f6aaf5a05c580df368d10141cde2f7b1a35ce242cf19a65012ba
    source:
      git: https://github.com/bitbank2/JPEGDEC.git
      path: .
      type: git
    version: 1bb8f16c426b0e66baae33d409286df924bdf594
manifest_hash: 46bd386a01367b7fb430943e6b093db09531a71345ed264fd322fc1f29956127
target: esp32s3
version: 1.0.0
